
Microsoft Visual Studio Solution File, Format Version 12.00
# Visual Studio Version 16
VisualStudioVersion = 16.0.31205.134
MinimumVisualStudioVersion = 10.0.40219.1
Project("{8BC9CEB8-8B4A-11D0-8D11-00A0C91BC942}") = "ConsoleApplication8", "ConsoleApplication8\ConsoleApplication8.vcxproj", "{EB210F34-212F-46A0-95CE-41E4DED384EB}"
EndProject
Global
	GlobalSection(SolutionConfigurationPlatforms) = preSolution
		Debug|x64 = Debug|x64
		Debug|x86 = Debug|x86
		Release|x64 = Release|x64
		Release|x86 = Release|x86
	EndGlobalSection
	GlobalSection(ProjectConfigurationPlatforms) = postSolution
		{EB210F34-212F-46A0-95CE-41E4DED384EB}.Debug|x64.ActiveCfg = Debug|x64
		{EB210F34-212F-46A0-95CE-41E4DED384EB}.Debug|x64.Build.0 = Debug|x64
		{EB210F34-212F-46A0-95CE-41E4DED384EB}.Debug|x86.ActiveCfg = Debug|Win32
		{EB210F34-212F-46A0-95CE-41E4DED384EB}.Debug|x86.Build.0 = Debug|Win32
		{EB210F34-212F-46A0-95CE-41E4DED384EB}.Release|x64.ActiveCfg = Release|x64
		{EB210F34-212F-46A0-95CE-41E4DED384EB}.Release|x64.Build.0 = Release|x64
		{EB210F34-212F-46A0-95CE-41E4DED384EB}.Release|x86.ActiveCfg = Release|Win32
		{EB210F34-212F-46A0-95CE-41E4DED384EB}.Release|x86.Build.0 = Release|Win32
	EndGlobalSection
	GlobalSection(SolutionProperties) = preSolution
		HideSolutionNode = FALSE
	EndGlobalSection
	GlobalSection(ExtensibilityGlobals) = postSolution
		SolutionGuid = {92BEFFC6-2476-41E4-AB70-A0A4A3A573A6}
	EndGlobalSection
EndGlobal
